
Microsoft Visual Studio Solution File, Format Version 12.00
# Visual Studio Version 17
VisualStudioVersion = 17.7.34018.315
MinimumVisualStudioVersion = 10.0.40219.1
Project("{FAE04EC0-301F-11D3-BF4B-00C04F79EFBC}") = "practice08 -11-23-2023", "practice08 -11-23-2023\practice08 -11-23-2023.csproj", "{29350A0C-738F-492A-AD94-B1BC9A2BB7CC}"
EndProject
Global
	GlobalSection(SolutionConfigurationPlatforms) = preSolution
		Debug|Any CPU = Debug|Any CPU
		Release|Any CPU = Release|Any CPU
	EndGlobalSection
	GlobalSection(ProjectConfigurationPlatforms) = postSolution
		{29350A0C-738F-492A-AD94-B1BC9A2BB7CC}.Debug|Any CPU.ActiveCfg = Debug|Any CPU
		{29350A0C-738F-492A-AD94-B1BC9A2BB7CC}.Debug|Any CPU.Build.0 = Debug|Any CPU
		{29350A0C-738F-492A-AD94-B1BC9A2BB7CC}.Release|Any CPU.ActiveCfg = Release|Any CPU
		{29350A0C-738F-492A-AD94-B1BC9A2BB7CC}.Release|Any CPU.Build.0 = Release|Any CPU
	EndGlobalSection
	GlobalSection(SolutionProperties) = preSolution
		HideSolutionNode = FALSE
	EndGlobalSection
	GlobalSection(ExtensibilityGlobals) = postSolution
		SolutionGuid = {9596121F-6703-4116-8380-AAAE34BD84AA}
	EndGlobalSection
EndGlobal
